// !$*UTF8*$!
{
	archiveVersion = 1;
	classes = {
	};
	objectVersion = 46;
	objects = {

/* Begin PBXBuildFile section */
		66E5B198141AA6DC00969621 /* Cocoa.framework in Frameworks */ = {isa = PBXBuildFile; fileRef = 66E5B197141AA6DC00969621 /* Cocoa.framework */; };
		66E5B1A2141AA6DC00969621 /* InfoPlist.strings in Resources */ = {isa = PBXBuildFile; fileRef = 66E5B1A0141AA6DC00969621 /* InfoPlist.strings */; };
		66E5B1A4141AA6DC00969621 /* main.m in Sources */ = {isa = PBXBuildFile; fileRef = 66E5B1A3141AA6DC00969621 /* main.m */; };
		66E5B1A8141AA6DC00969621 /* Credits.rtf in Resources */ = {isa = PBXBuildFile; fileRef = 66E5B1A6141AA6DC00969621 /* Credits.rtf */; };
		66E5B1AB141AA6DC00969621 /* KvcFunAppDelegate.m in Sources */ = {isa = PBXBuildFile; fileRef = 66E5B1AA141AA6DC00969621 /* KvcFunAppDelegate.m */; };
		66E5B1AE141AA6DC00969621 /* MainMenu.xib in Resources */ = {isa = PBXBuildFile; fileRef = 66E5B1AC141AA6DC00969621 /* MainMenu.xib */; };
/* End PBXBuildFile section */

/* Begin PBXFileReference section */
		66E5B193141AA6DC00969621 /* KvcFun.app */ = {isa = PBXFileReference; explicitFileType = wrapper.application; includeInIndex = 0; path = KvcFun.app; sourceTree = BUILT_PRODUCTS_DIR; };
		66E5B197141AA6DC00969621 /* Cocoa.framework */ = {isa = PBXFileReference; lastKnownFileType = wrapper.framework; name = Cocoa.framework; path = System/Library/Frameworks/Cocoa.framework; sourceTree = SDKROOT; };
		66E5B19A141AA6DC00969621 /* AppKit.framework */ = {isa = PBXFileReference; lastKnownFileType = wrapper.framework; name = AppKit.framework; path = System/Library/Frameworks/AppKit.framework; sourceTree = SDKROOT; };
		66E5B19B141AA6DC00969621 /* CoreData.framework */ = {isa = PBXFileReference; lastKnownFileType = wrapper.framework; name = CoreData.framework; path = System/Library/Frameworks/CoreData.framework; sourceTree = SDKROOT; };
		66E5B19C141AA6DC00969621 /* Foundation.framework */ = {isa = PBXFileReference; lastKnownFileType = wrapper.framework; name = Foundation.framework; path = System/Library/Frameworks/Foundation.framework; sourceTree = SDKROOT; };
		66E5B19F141AA6DC00969621 /* KvcFun-Info.plist */ = {isa = PBXFileReference; lastKnownFileType = text.plist.xml; path = "KvcFun-Info.plist"; sourceTree = "<group>"; };
		66E5B1A1141AA6DC00969621 /* en */ = {isa = PBXFileReference; lastKnownFileType = text.plist.strings; name = en; path = en.lproj/InfoPlist.strings; sourceTree = "<group>"; };
		66E5B1A3141AA6DC00969621 /* main.m */ = {isa = PBXFileReference; lastKnownFileType = sourcecode.c.objc; path = main.m; sourceTree = "<group>"; };
		66E5B1A5141AA6DC00969621 /* KvcFun-Prefix.pch */ = {isa = PBXFileReference; lastKnownFileType = sourcecode.c.h; path = "KvcFun-Prefix.pch"; sourceTree = "<group>"; };
		66E5B1A7141AA6DC00969621 /* en */ = {isa = PBXFileReference; lastKnownFileType = text.rtf; name = en; path = en.lproj/Credits.rtf; sourceTree = "<group>"; };
		66E5B1A9141AA6DC00969621 /* KvcFunAppDelegate.h */ = {isa = PBXFileReference; lastKnownFileType = sourcecode.c.h; path = KvcFunAppDelegate.h; sourceTree = "<group>"; };
		66E5B1AA141AA6DC00969621 /* KvcFunAppDelegate.m */ = {isa = PBXFileReference; lastKnownFileType = sourcecode.c.objc; path = KvcFunAppDelegate.m; sourceTree = "<group>"; };
		66E5B1AD141AA6DC00969621 /* en */ = {isa = PBXFileReference; lastKnownFileType = file.xib; name = en; path = en.lproj/MainMenu.xib; sourceTree = "<group>"; };
/* End PBXFileReference section */

/* Begin PBXFrameworksBuildPhase section */
		66E5B190141AA6DC00969621 /* Frameworks */ = {
			isa = PBXFrameworksBuildPhase;
			buildActionMask = 2147483647;
			files = (
				66E5B198141AA6DC00969621 /* Cocoa.framework in Frameworks */,
			);
			runOnlyForDeploymentPostprocessing = 0;
		};
/* End PBXFrameworksBuildPhase section */

/* Begin PBXGroup section */
		66E5B188141AA6DC00969621 = {
			isa = PBXGroup;
			children = (
				66E5B19D141AA6DC00969621 /* KvcFun */,
				66E5B196141AA6DC00969621 /* Frameworks */,
				66E5B194141AA6DC00969621 /* Products */,
			);
			sourceTree = "<group>";
		};
		66E5B194141AA6DC00969621 /* Products */ = {
			isa = PBXGroup;
			children = (
				66E5B193141AA6DC00969621 /* KvcFun.app */,
			);
			name = Products;
			sourceTree = "<group>";
		};
		66E5B196141AA6DC00969621 /* Frameworks */ = {
			isa = PBXGroup;
			children = (
				66E5B197141AA6DC00969621 /* Cocoa.framework */,
				66E5B199141AA6DC00969621 /* Other Frameworks */,
			);
			name = Frameworks;
			sourceTree = "<group>";
		};
		66E5B199141AA6DC00969621 /* Other Frameworks */ = {
			isa = PBXGroup;
			children = (
				66E5B19A141AA6DC00969621 /* AppKit.framework */,
				66E5B19B141AA6DC00969621 /* CoreData.framework */,
				66E5B19C141AA6DC00969621 /* Foundation.framework */,
			);
			name = "Other Frameworks";
			sourceTree = "<group>";
		};
		66E5B19D141AA6DC00969621 /* KvcFun */ = {
			isa = PBXGroup;
			children = (
				66E5B1A9141AA6DC00969621 /* KvcFunAppDelegate.h */,
				66E5B1AA141AA6DC00969621 /* KvcFunAppDelegate.m */,
				66E5B1AC141AA6DC00969621 /* MainMenu.xib */,
				66E5B19E141AA6DC00969621 /* Supporting Files */,
			);
			path = KvcFun;
			sourceTree = "<group>";
		};
		66E5B19E141AA6DC00969621 /* Supporting Files */ = {
			isa = PBXGroup;
			children = (
				66E5B19F141AA6DC00969621 /* KvcFun-Info.plist */,
				66E5B1A0141AA6DC00969621 /* InfoPlist.strings */,
				66E5B1A3141AA6DC00969621 /* main.m */,
				66E5B1A5141AA6DC00969621 /* KvcFun-Prefix.pch */,
				66E5B1A6141AA6DC00969621 /* Credits.rtf */,
			);
			name = "Supporting Files";
			sourceTree = "<group>";
		};
/* End PBXGroup section */

/* Begin PBXNativeTarget section */
		66E5B192141AA6DC00969621 /* KvcFun */ = {
			isa = PBXNativeTarget;
			buildConfigurationList = 66E5B1B1141AA6DC00969621 /* Build configuration list for PBXNativeTarget "KvcFun" */;
			buildPhases = (
				66E5B18F141AA6DC00969621 /* Sources */,
				66E5B190141AA6DC00969621 /* Frameworks */,
				66E5B191141AA6DC00969621 /* Resources */,
			);
			buildRules = (
			);
			dependencies = (
			);
			name = KvcFun;
			productName = KvcFun;
			productReference = 66E5B193141AA6DC00969621 /* KvcFun.app */;
			productType = "com.apple.product-type.application";
		};
/* End PBXNativeTarget section */

/* Begin PBXProject section */
		66E5B18A141AA6DC00969621 /* Project object */ = {
			isa = PBXProject;
			attributes = {
				LastUpgradeCheck = 0420;
				ORGANIZATIONNAME = "Big Nerd Ranch";
			};
			buildConfigurationList = 66E5B18D141AA6DC00969621 /* Build configuration list for PBXProject "KvcFun" */;
			compatibilityVersion = "Xcode 3.2";
			developmentRegion = English;
			hasScannedForEncodings = 0;
			knownRegions = (
				en,
			);
			mainGroup = 66E5B188141AA6DC00969621;
			productRefGroup = 66E5B194141AA6DC00969621 /* Products */;
			projectDirPath = "";
			projectRoot = "";
			targets = (
				66E5B192141AA6DC00969621 /* KvcFun */,
			);
		};
/* End PBXProject section */

/* Begin PBXResourcesBuildPhase section */
		66E5B191141AA6DC00969621 /* Resources */ = {
			isa = PBXResourcesBuildPhase;
			buildActionMask = 2147483647;
			files = (
				66E5B1A2141AA6DC00969621 /* InfoPlist.strings in Resources */,
				66E5B1A8141AA6DC00969621 /* Credits.rtf in Resources */,
				66E5B1AE141AA6DC00969621 /* MainMenu.xib in Resources */,
			);
			runOnlyForDeploymentPostprocessing = 0;
		};
/* End PBXResourcesBuildPhase section */

/* Begin PBXSourcesBuildPhase section */
		66E5B18F141AA6DC00969621 /* Sources */ = {
			isa = PBXSourcesBuildPhase;
			buildActionMask = 2147483647;
			files = (
				66E5B1A4141AA6DC00969621 /* main.m in Sources */,
				66E5B1AB141AA6DC00969621 /* KvcFunAppDelegate.m in Sources */,
			);
			runOnlyForDeploymentPostprocessing = 0;
		};
/* End PBXSourcesBuildPhase section */

/* Begin PBXVariantGroup section */
		66E5B1A0141AA6DC00969621 /* InfoPlist.strings */ = {
			isa = PBXVariantGroup;
			children = (
				66E5B1A1141AA6DC00969621 /* en */,
			);
			name = InfoPlist.strings;
			sourceTree = "<group>";
		};
		66E5B1A6141AA6DC00969621 /* Credits.rtf */ = {
			isa = PBXVariantGroup;
			children = (
				66E5B1A7141AA6DC00969621 /* en */,
			);
			name = Credits.rtf;
			sourceTree = "<group>";
		};
		66E5B1AC141AA6DC00969621 /* MainMenu.xib */ = {
			isa = PBXVariantGroup;
			children = (
				66E5B1AD141AA6DC00969621 /* en */,
			);
			name = MainMenu.xib;
			sourceTree = "<group>";
		};
/* End PBXVariantGroup section */

/* Begin XCBuildConfiguration section */
		66E5B1AF141AA6DC00969621 /* Debug */ = {
			isa = XCBuildConfiguration;
			buildSettings = {
				ALWAYS_SEARCH_USER_PATHS = NO;
				ARCHS = "$(ARCHS_STANDARD_64_BIT)";
				CLANG_ENABLE_OBJC_ARC = YES;
				COPY_PHASE_STRIP = NO;
				GCC_C_LANGUAGE_STANDARD = gnu99;
				GCC_DYNAMIC_NO_PIC = NO;
				GCC_ENABLE_OBJC_EXCEPTIONS = YES;
				GCC_OPTIMIZATION_LEVEL = 0;
				GCC_PREPROCESSOR_DEFINITIONS = (
					"DEBUG=1",
					"$(inherited)",
				);
				GCC_SYMBOLS_PRIVATE_EXTERN = NO;
				GCC_VERSION = com.apple.compilers.llvm.clang.1_0;
				GCC_WARN_64_TO_32_BIT_CONVERSION = YES;
				GCC_WARN_ABOUT_MISSING_PROTOTYPES = YES;
				GCC_WARN_ABOUT_RETURN_TYPE = YES;
				GCC_WARN_UNUSED_VARIABLE = YES;
				MACOSX_DEPLOYMENT_TARGET = 10.7;
				ONLY_ACTIVE_ARCH = YES;
				SDKROOT = macosx;
			};
			name = Debug;
		};
		66E5B1B0141AA6DC00969621 /* Release */ = {
			isa = XCBuildConfiguration;
			buildSettings = {
				ALWAYS_SEARCH_USER_PATHS = NO;
				ARCHS = "$(ARCHS_STANDARD_64_BIT)";
				CLANG_ENABLE_OBJC_ARC = YES;
				COPY_PHASE_STRIP = YES;
				DEBUG_INFORMATION_FORMAT = "dwarf-with-dsym";
				GCC_C_LANGUAGE_STANDARD = gnu99;
				GCC_ENABLE_OBJC_EXCEPTIONS = YES;
				GCC_VERSION = com.apple.compilers.llvm.clang.1_0;
				GCC_WARN_64_TO_32_BIT_CONVERSION = YES;
				GCC_WARN_ABOUT_MISSING_PROTOTYPES = YES;
				GCC_WARN_ABOUT_RETURN_TYPE = YES;
				GCC_WARN_UNUSED_VARIABLE = YES;
				MACOSX_DEPLOYMENT_TARGET = 10.7;
				SDKROOT = macosx;
			};
			name = Release;
		};
		66E5B1B2141AA6DC00969621 /* Debug */ = {
			isa = XCBuildConfiguration;
			buildSettings = {
				GCC_PRECOMPILE_PREFIX_HEADER = YES;
				GCC_PREFIX_HEADER = "KvcFun/KvcFun-Prefix.pch";
				INFOPLIST_FILE = "KvcFun/KvcFun-Info.plist";
				PRODUCT_NAME = "$(TARGET_NAME)";
				WRAPPER_EXTENSION = app;
			};
			name = Debug;
		};
		66E5B1B3141AA6DC00969621 /* Release */ = {
			isa = XCBuildConfiguration;
			buildSettings = {
				GCC_PRECOMPILE_PREFIX_HEADER = YES;
				GCC_PREFIX_HEADER = "KvcFun/KvcFun-Prefix.pch";
				INFOPLIST_FILE = "KvcFun/KvcFun-Info.plist";
				PRODUCT_NAME = "$(TARGET_NAME)";
				WRAPPER_EXTENSION = app;
			};
			name = Release;
		};
/* End XCBuildConfiguration section */

/* Begin XCConfigurationList section */
		66E5B18D141AA6DC00969621 /* Build configuration list for PBXProject "KvcFun" */ = {
			isa = XCConfigurationList;
			buildConfigurations = (
				66E5B1AF141AA6DC00969621 /* Debug */,
				66E5B1B0141AA6DC00969621 /* Release */,
			);
			defaultConfigurationIsVisible = 0;
			defaultConfigurationName = Release;
		};
		66E5B1B1141AA6DC00969621 /* Build configuration list for PBXNativeTarget "KvcFun" */ = {
			isa = XCConfigurationList;
			buildConfigurations = (
				66E5B1B2141AA6DC00969621 /* Debug */,
				66E5B1B3141AA6DC00969621 /* Release */,
			);
			defaultConfigurationIsVisible = 0;
		};
/* End XCConfigurationList section */
	};
	rootObject = 66E5B18A141AA6DC00969621 /* Project object */;
}
